
Microsoft Visual Studio Solution File, Format Version 12.00
# Visual Studio 15
VisualStudioVersion = 15.0.28307.539
MinimumVisualStudioVersion = 10.0.40219.1
Project("{888888A0-9F3D-457C-B088-3A5042F75D52}") = "EmailSpider", "EmailSpider\EmailSpider.pyproj", "{0EC4C156-E156-4152-9E84-57AEA9990994}"
EndProject
Global
	GlobalSection(SolutionConfigurationPlatforms) = preSolution
		Debug|Any CPU = Debug|Any CPU
		Release|Any CPU = Release|Any CPU
	EndGlobalSection
	GlobalSection(ProjectConfigurationPlatforms) = postSolution
		{0EC4C156-E156-4152-9E84-57AEA9990994}.Debug|Any CPU.ActiveCfg = Debug|Any CPU
		{0EC4C156-E156-4152-9E84-57AEA9990994}.Release|Any CPU.ActiveCfg = Release|Any CPU
	EndGlobalSection
	GlobalSection(SolutionProperties) = preSolution
		HideSolutionNode = FALSE
	EndGlobalSection
	GlobalSection(ExtensibilityGlobals) = postSolution
		SolutionGuid = {35F6CE9D-FD71-4B21-B23C-E8E05CCC5028}
	EndGlobalSection
EndGlobal
